// !$*UTF8*$!
{
	archiveVersion = 1;
	classes = {
	};
	objectVersion = 46;
	objects = {

/* Begin PBXBuildFile section */
		0037F9C3189FE2BD00DAA432 /* SettingsViewController.m in Sources */ = {isa = PBXBuildFile; fileRef = 0037F9C2189FE2BD00DAA432 /* SettingsViewController.m */; };
		0037F9C618A067C100DAA432 /* SelectViewController.m in Sources */ = {isa = PBXBuildFile; fileRef = 0037F9C518A067C100DAA432 /* SelectViewController.m */; };
		004481C818257318007AD1F4 /* Foundation.framework in Frameworks */ = {isa = PBXBuildFile; fileRef = 004481C718257318007AD1F4 /* Foundation.framework */; };
		004481CA18257318007AD1F4 /* CoreGraphics.framework in Frameworks */ = {isa = PBXBuildFile; fileRef = 004481C918257318007AD1F4 /* CoreGraphics.framework */; };
		004481CC18257318007AD1F4 /* UIKit.framework in Frameworks */ = {isa = PBXBuildFile; fileRef = 004481CB18257318007AD1F4 /* UIKit.framework */; };
		004481D218257318007AD1F4 /* InfoPlist.strings in Resources */ = {isa = PBXBuildFile; fileRef = 004481D018257318007AD1F4 /* InfoPlist.strings */; };
		004481D418257318007AD1F4 /* main.m in Sources */ = {isa = PBXBuildFile; fileRef = 004481D318257318007AD1F4 /* main.m */; };
		004481D818257318007AD1F4 /* AppDelegate.m in Sources */ = {isa = PBXBuildFile; fileRef = 004481D718257318007AD1F4 /* AppDelegate.m */; };
		004481DB18257318007AD1F4 /* Main.storyboard in Resources */ = {isa = PBXBuildFile; fileRef = 004481D918257318007AD1F4 /* Main.storyboard */; };
		004481E018257318007AD1F4 /* Images.xcassets in Resources */ = {isa = PBXBuildFile; fileRef = 004481DF18257318007AD1F4 /* Images.xcassets */; };
		004481E718257319007AD1F4 /* XCTest.framework in Frameworks */ = {isa = PBXBuildFile; fileRef = 004481E618257319007AD1F4 /* XCTest.framework */; };
		004481E818257319007AD1F4 /* Foundation.framework in Frameworks */ = {isa = PBXBuildFile; fileRef = 004481C718257318007AD1F4 /* Foundation.framework */; };
		004481E918257319007AD1F4 /* UIKit.framework in Frameworks */ = {isa = PBXBuildFile; fileRef = 004481CB18257318007AD1F4 /* UIKit.framework */; };
		004481F118257319007AD1F4 /* InfoPlist.strings in Resources */ = {isa = PBXBuildFile; fileRef = 004481EF18257319007AD1F4 /* InfoPlist.strings */; };
		004481F318257319007AD1F4 /* BucketifyTests.m in Sources */ = {isa = PBXBuildFile; fileRef = 004481F218257319007AD1F4 /* BucketifyTests.m */; };
		00503E7318439C4500890D64 /* Base64Transcoder.c in Sources */ = {isa = PBXBuildFile; fileRef = 00503E6B18439C4500890D64 /* Base64Transcoder.c */; };
		00503E7418439C4600890D64 /* ENAPI.m in Sources */ = {isa = PBXBuildFile; fileRef = 00503E6E18439C4500890D64 /* ENAPI.m */; };
		00503E7518439C4600890D64 /* ENAPIRequest.m in Sources */ = {isa = PBXBuildFile; fileRef = 00503E7118439C4500890D64 /* ENAPIRequest.m */; };
		0068911018985FCC002C1915 /* NavigationViewController.m in Sources */ = {isa = PBXBuildFile; fileRef = 0068910F18985FCC002C1915 /* NavigationViewController.m */; };
		0068911218985FE3002C1915 /* CountryVC.m in Sources */ = {isa = PBXBuildFile; fileRef = 0068911118985FE3002C1915 /* CountryVC.m */; };
		008096611894BB64000AC16A /* config.m in Sources */ = {isa = PBXBuildFile; fileRef = 008096601894BB64000AC16A /* config.m */; };
		00E3B812184804FC009B351B /* EchoNestWollmilchsau.m in Sources */ = {isa = PBXBuildFile; fileRef = 00E3B811184804FC009B351B /* EchoNestWollmilchsau.m */; };
		00E3B8161848D58B009B351B /* EchoNestTicket.m in Sources */ = {isa = PBXBuildFile; fileRef = 00E3B8151848D58B009B351B /* EchoNestTicket.m */; };
		5267851FA27C46D0AEB03841 /* libPods.a in Frameworks */ = {isa = PBXBuildFile; fileRef = 743D12CB79C84A95BCA21E57 /* libPods.a */; };
/* End PBXBuildFile section */

/* Begin PBXContainerItemProxy section */
		004481EA18257319007AD1F4 /* PBXContainerItemProxy */ = {
			isa = PBXContainerItemProxy;
			containerPortal = 004481BC18257318007AD1F4 /* Project object */;
			proxyType = 1;
			remoteGlobalIDString = 004481C318257318007AD1F4;
			remoteInfo = Bucketify;
		};
/* End PBXContainerItemProxy section */

/* Begin PBXFileReference section */
		0037F9C1189FE2BD00DAA432 /* SettingsViewController.h */ = {isa = PBXFileReference; fileEncoding = 4; lastKnownFileType = sourcecode.c.h; name = SettingsViewController.h; path = Classes/SettingsViewController.h; sourceTree = "<group>"; };
		0037F9C2189FE2BD00DAA432 /* SettingsViewController.m */ = {isa = PBXFileReference; fileEncoding = 4; lastKnownFileType = sourcecode.c.objc; name = SettingsViewController.m; path = Classes/SettingsViewController.m; sourceTree = "<group>"; };
		0037F9C418A067C100DAA432 /* SelectViewController.h */ = {isa = PBXFileReference; fileEncoding = 4; lastKnownFileType = sourcecode.c.h; name = SelectViewController.h; path = Classes/SelectViewController.h; sourceTree = "<group>"; };
		0037F9C518A067C100DAA432 /* SelectViewController.m */ = {isa = PBXFileReference; fileEncoding = 4; lastKnownFileType = sourcecode.c.objc; name = SelectViewController.m; path = Classes/SelectViewController.m; sourceTree = "<group>"; };
		004481C418257318007AD1F4 /* Bucketify.app */ = {isa = PBXFileReference; explicitFileType = wrapper.application; includeInIndex = 0; path = Bucketify.app; sourceTree = BUILT_PRODUCTS_DIR; };
		004481C718257318007AD1F4 /* Foundation.framework */ = {isa = PBXFileReference; lastKnownFileType = wrapper.framework; name = Foundation.framework; path = System/Library/Frameworks/Foundation.framework; sourceTree = SDKROOT; };
		004481C918257318007AD1F4 /* CoreGraphics.framework */ = {isa = PBXFileReference; lastKnownFileType = wrapper.framework; name = CoreGraphics.framework; path = System/Library/Frameworks/CoreGraphics.framework; sourceTree = SDKROOT; };
		004481CB18257318007AD1F4 /* UIKit.framework */ = {isa = PBXFileReference; lastKnownFileType = wrapper.framework; name = UIKit.framework; path = System/Library/Frameworks/UIKit.framework; sourceTree = SDKROOT; };
		004481CF18257318007AD1F4 /* Bucketify-Info.plist */ = {isa = PBXFileReference; lastKnownFileType = text.plist.xml; path = "Bucketify-Info.plist"; sourceTree = "<group>"; };
		004481D118257318007AD1F4 /* en */ = {isa = PBXFileReference; lastKnownFileType = text.plist.strings; name = en; path = en.lproj/InfoPlist.strings; sourceTree = "<group>"; };
		004481D318257318007AD1F4 /* main.m */ = {isa = PBXFileReference; lastKnownFileType = sourcecode.c.objc; path = main.m; sourceTree = "<group>"; };
		004481D518257318007AD1F4 /* Bucketify-Prefix.pch */ = {isa = PBXFileReference; lastKnownFileType = sourcecode.c.h; path = "Bucketify-Prefix.pch"; sourceTree = "<group>"; };
		004481D618257318007AD1F4 /* AppDelegate.h */ = {isa = PBXFileReference; lastKnownFileType = sourcecode.c.h; path = AppDelegate.h; sourceTree = "<group>"; };
		004481D718257318007AD1F4 /* AppDelegate.m */ = {isa = PBXFileReference; lastKnownFileType = sourcecode.c.objc; path = AppDelegate.m; sourceTree = "<group>"; };
		004481DA18257318007AD1F4 /* Base */ = {isa = PBXFileReference; lastKnownFileType = file.storyboard; name = Base; path = Base.lproj/Main.storyboard; sourceTree = "<group>"; };
		004481DC18257318007AD1F4 /* CountryVC.h */ = {isa = PBXFileReference; fileEncoding = 4; lastKnownFileType = sourcecode.c.h; name = CountryVC.h; path = Classes/CountryVC.h; sourceTree = "<group>"; };
		004481DF18257318007AD1F4 /* Images.xcassets */ = {isa = PBXFileReference; lastKnownFileType = folder.assetcatalog; path = Images.xcassets; sourceTree = "<group>"; };
		004481E518257319007AD1F4 /* BucketifyTests.xctest */ = {isa = PBXFileReference; explicitFileType = wrapper.cfbundle; includeInIndex = 0; path = BucketifyTests.xctest; sourceTree = BUILT_PRODUCTS_DIR; };
		004481E618257319007AD1F4 /* XCTest.framework */ = {isa = PBXFileReference; lastKnownFileType = wrapper.framework; name = XCTest.framework; path = Library/Frameworks/XCTest.framework; sourceTree = DEVELOPER_DIR; };
		004481EE18257319007AD1F4 /* BucketifyTests-Info.plist */ = {isa = PBXFileReference; lastKnownFileType = text.plist.xml; path = "BucketifyTests-Info.plist"; sourceTree = "<group>"; };
		004481F018257319007AD1F4 /* en */ = {isa = PBXFileReference; lastKnownFileType = text.plist.strings; name = en; path = en.lproj/InfoPlist.strings; sourceTree = "<group>"; };
		004481F218257319007AD1F4 /* BucketifyTests.m */ = {isa = PBXFileReference; lastKnownFileType = sourcecode.c.objc; path = BucketifyTests.m; sourceTree = "<group>"; };
		00503E6B18439C4500890D64 /* Base64Transcoder.c */ = {isa = PBXFileReference; fileEncoding = 4; lastKnownFileType = sourcecode.c.c; path = Base64Transcoder.c; sourceTree = "<group>"; };
		00503E6C18439C4500890D64 /* Base64Transcoder.h */ = {isa = PBXFileReference; fileEncoding = 4; lastKnownFileType = sourcecode.c.h; path = Base64Transcoder.h; sourceTree = "<group>"; };
		00503E6D18439C4500890D64 /* ENAPI.h */ = {isa = PBXFileReference; fileEncoding = 4; lastKnownFileType = sourcecode.c.h; path = ENAPI.h; sourceTree = "<group>"; };
		00503E6E18439C4500890D64 /* ENAPI.m */ = {isa = PBXFileReference; fileEncoding = 4; lastKnownFileType = sourcecode.c.objc; lineEnding = 0; path = ENAPI.m; sourceTree = "<group>"; xcLanguageSpecificationIdentifier = xcode.lang.objc; };
		00503E6F18439C4500890D64 /* ENAPILibrary-Prefix.pch */ = {isa = PBXFileReference; fileEncoding = 4; lastKnownFileType = sourcecode.c.h; path = "ENAPILibrary-Prefix.pch"; sourceTree = "<group>"; };
		00503E7018439C4500890D64 /* ENAPIRequest.h */ = {isa = PBXFileReference; fileEncoding = 4; lastKnownFileType = sourcecode.c.h; lineEnding = 0; path = ENAPIRequest.h; sourceTree = "<group>"; xcLanguageSpecificationIdentifier = xcode.lang.objcpp; };
		00503E7118439C4500890D64 /* ENAPIRequest.m */ = {isa = PBXFileReference; fileEncoding = 4; lastKnownFileType = sourcecode.c.objc; lineEnding = 0; path = ENAPIRequest.m; sourceTree = "<group>"; xcLanguageSpecificationIdentifier = xcode.lang.objc; };
		00503E7218439C4500890D64 /* ENLibrary-Prefix.pch */ = {isa = PBXFileReference; fileEncoding = 4; lastKnownFileType = sourcecode.c.h; path = "ENLibrary-Prefix.pch"; sourceTree = "<group>"; };
		0068910E18985FCC002C1915 /* NavigationViewController.h */ = {isa = PBXFileReference; fileEncoding = 4; lastKnownFileType = sourcecode.c.h; name = NavigationViewController.h; path = Classes/NavigationViewController.h; sourceTree = "<group>"; };
		0068910F18985FCC002C1915 /* NavigationViewController.m */ = {isa = PBXFileReference; fileEncoding = 4; lastKnownFileType = sourcecode.c.objc; name = NavigationViewController.m; path = Classes/NavigationViewController.m; sourceTree = "<group>"; };
		0068911118985FE3002C1915 /* CountryVC.m */ = {isa = PBXFileReference; fileEncoding = 4; lastKnownFileType = sourcecode.c.objc; name = CountryVC.m; path = Classes/CountryVC.m; sourceTree = "<group>"; };
		0080965F1894BB64000AC16A /* config.h */ = {isa = PBXFileReference; fileEncoding = 4; lastKnownFileType = sourcecode.c.h; path = config.h; sourceTree = "<group>"; };
		008096601894BB64000AC16A /* config.m */ = {isa = PBXFileReference; fileEncoding = 4; lastKnownFileType = sourcecode.c.objc; path = config.m; sourceTree = "<group>"; };
		00E3B810184804FC009B351B /* EchoNestWollmilchsau.h */ = {isa = PBXFileReference; fileEncoding = 4; lastKnownFileType = sourcecode.c.h; name = EchoNestWollmilchsau.h; path = Classes/EchoNestWollmilchsau.h; sourceTree = "<group>"; };
		00E3B811184804FC009B351B /* EchoNestWollmilchsau.m */ = {isa = PBXFileReference; fileEncoding = 4; lastKnownFileType = sourcecode.c.objc; name = EchoNestWollmilchsau.m; path = Classes/EchoNestWollmilchsau.m; sourceTree = "<group>"; };
		00E3B8141848D58B009B351B /* EchoNestTicket.h */ = {isa = PBXFileReference; fileEncoding = 4; lastKnownFileType = sourcecode.c.h; name = EchoNestTicket.h; path = Classes/EchoNestTicket.h; sourceTree = "<group>"; };
		00E3B8151848D58B009B351B /* EchoNestTicket.m */ = {isa = PBXFileReference; fileEncoding = 4; lastKnownFileType = sourcecode.c.objc; name = EchoNestTicket.m; path = Classes/EchoNestTicket.m; sourceTree = "<group>"; };
		00ECAC29183C51E4006D311F /* common.h */ = {isa = PBXFileReference; lastKnownFileType = sourcecode.c.h; lineEnding = 0; path = common.h; sourceTree = "<group>"; xcLanguageSpecificationIdentifier = xcode.lang.objcpp; };
		743D12CB79C84A95BCA21E57 /* libPods.a */ = {isa = PBXFileReference; explicitFileType = archive.ar; includeInIndex = 0; path = libPods.a; sourceTree = BUILT_PRODUCTS_DIR; };
		9531CCEBAB3A45ED82150BE3 /* Pods.xcconfig */ = {isa = PBXFileReference; includeInIndex = 1; lastKnownFileType = text.xcconfig; name = Pods.xcconfig; path = Pods/Pods.xcconfig; sourceTree = "<group>"; };
/* End PBXFileReference section */

/* Begin PBXFrameworksBuildPhase section */
		004481C118257318007AD1F4 /* Frameworks */ = {
			isa = PBXFrameworksBuildPhase;
			buildActionMask = 2147483647;
			files = (
				004481CA18257318007AD1F4 /* CoreGraphics.framework in Frameworks */,
				004481CC18257318007AD1F4 /* UIKit.framework in Frameworks */,
				004481C818257318007AD1F4 /* Foundation.framework in Frameworks */,
				5267851FA27C46D0AEB03841 /* libPods.a in Frameworks */,
			);
			runOnlyForDeploymentPostprocessing = 0;
		};
		004481E218257319007AD1F4 /* Frameworks */ = {
			isa = PBXFrameworksBuildPhase;
			buildActionMask = 2147483647;
			files = (
				004481E718257319007AD1F4 /* XCTest.framework in Frameworks */,
				004481E918257319007AD1F4 /* UIKit.framework in Frameworks */,
				004481E818257319007AD1F4 /* Foundation.framework in Frameworks */,
			);
			runOnlyForDeploymentPostprocessing = 0;
		};
/* End PBXFrameworksBuildPhase section */

/* Begin PBXGroup section */
		004481BB18257318007AD1F4 = {
			isa = PBXGroup;
			children = (
				004481CD18257318007AD1F4 /* Bucketify */,
				004481EC18257319007AD1F4 /* BucketifyTests */,
				004481C618257318007AD1F4 /* Frameworks */,
				004481C518257318007AD1F4 /* Products */,
				9531CCEBAB3A45ED82150BE3 /* Pods.xcconfig */,
			);
			sourceTree = "<group>";
		};
		004481C518257318007AD1F4 /* Products */ = {
			isa = PBXGroup;
			children = (
				004481C418257318007AD1F4 /* Bucketify.app */,
				004481E518257319007AD1F4 /* BucketifyTests.xctest */,
			);
			name = Products;
			sourceTree = "<group>";
		};
		004481C618257318007AD1F4 /* Frameworks */ = {
			isa = PBXGroup;
			children = (
				004481C718257318007AD1F4 /* Foundation.framework */,
				004481C918257318007AD1F4 /* CoreGraphics.framework */,
				004481CB18257318007AD1F4 /* UIKit.framework */,
				004481E618257319007AD1F4 /* XCTest.framework */,
				743D12CB79C84A95BCA21E57 /* libPods.a */,
			);
			name = Frameworks;
			sourceTree = "<group>";
		};
		004481CD18257318007AD1F4 /* Bucketify */ = {
			isa = PBXGroup;
			children = (
				00E3B81318480536009B351B /* Classes */,
				00BFB5B61842A45E00E354E1 /* VC */,
				004481D918257318007AD1F4 /* Main.storyboard */,
				004481DF18257318007AD1F4 /* Images.xcassets */,
				004481CE18257318007AD1F4 /* Supporting Files */,
			);
			path = Bucketify;
			sourceTree = "<group>";
		};
		004481CE18257318007AD1F4 /* Supporting Files */ = {
			isa = PBXGroup;
			children = (
				00503E6918439C4500890D64 /* ENAPILibrary */,
				004481D618257318007AD1F4 /* AppDelegate.h */,
				004481D718257318007AD1F4 /* AppDelegate.m */,
				004481CF18257318007AD1F4 /* Bucketify-Info.plist */,
				00ECAC29183C51E4006D311F /* common.h */,
				0080965F1894BB64000AC16A /* config.h */,
				008096601894BB64000AC16A /* config.m */,
				004481D018257318007AD1F4 /* InfoPlist.strings */,
				004481D318257318007AD1F4 /* main.m */,
				004481D518257318007AD1F4 /* Bucketify-Prefix.pch */,
			);
			name = "Supporting Files";
			sourceTree = "<group>";
		};
		004481EC18257319007AD1F4 /* BucketifyTests */ = {
			isa = PBXGroup;
			children = (
				004481F218257319007AD1F4 /* BucketifyTests.m */,
				004481ED18257319007AD1F4 /* Supporting Files */,
			);
			path = BucketifyTests;
			sourceTree = "<group>";
		};
		004481ED18257319007AD1F4 /* Supporting Files */ = {
			isa = PBXGroup;
			children = (
				004481EE18257319007AD1F4 /* BucketifyTests-Info.plist */,
				004481EF18257319007AD1F4 /* InfoPlist.strings */,
			);
			name = "Supporting Files";
			sourceTree = "<group>";
		};
		00503E6918439C4500890D64 /* ENAPILibrary */ = {
			isa = PBXGroup;
			children = (
				00503E6A18439C4500890D64 /* Base64 */,
				00503E6D18439C4500890D64 /* ENAPI.h */,
				00503E6E18439C4500890D64 /* ENAPI.m */,
				00503E6F18439C4500890D64 /* ENAPILibrary-Prefix.pch */,
				00503E7018439C4500890D64 /* ENAPIRequest.h */,
				00503E7118439C4500890D64 /* ENAPIRequest.m */,
				00503E7218439C4500890D64 /* ENLibrary-Prefix.pch */,
			);
			path = ENAPILibrary;
			sourceTree = "<group>";
		};
		00503E6A18439C4500890D64 /* Base64 */ = {
			isa = PBXGroup;
			children = (
				00503E6B18439C4500890D64 /* Base64Transcoder.c */,
				00503E6C18439C4500890D64 /* Base64Transcoder.h */,
			);
			path = Base64;
			sourceTree = "<group>";
		};
		00BFB5B61842A45E00E354E1 /* VC */ = {
			isa = PBXGroup;
			children = (
				0037F9C418A067C100DAA432 /* SelectViewController.h */,
				0037F9C518A067C100DAA432 /* SelectViewController.m */,
				0037F9C1189FE2BD00DAA432 /* SettingsViewController.h */,
				0037F9C2189FE2BD00DAA432 /* SettingsViewController.m */,
				0068910E18985FCC002C1915 /* NavigationViewController.h */,
				0068910F18985FCC002C1915 /* NavigationViewController.m */,
				004481DC18257318007AD1F4 /* CountryVC.h */,
				0068911118985FE3002C1915 /* CountryVC.m */,
			);
			name = VC;
			sourceTree = "<group>";
		};
		00E3B81318480536009B351B /* Classes */ = {
			isa = PBXGroup;
			children = (
				00E3B810184804FC009B351B /* EchoNestWollmilchsau.h */,
				00E3B811184804FC009B351B /* EchoNestWollmilchsau.m */,
				00E3B8141848D58B009B351B /* EchoNestTicket.h */,
				00E3B8151848D58B009B351B /* EchoNestTicket.m */,
			);
			name = Classes;
			sourceTree = "<group>";
		};
/* End PBXGroup section */

/* Begin PBXNativeTarget section */
		004481C318257318007AD1F4 /* Bucketify */ = {
			isa = PBXNativeTarget;
			buildConfigurationList = 004481F618257319007AD1F4 /* Build configuration list for PBXNativeTarget "Bucketify" */;
			buildPhases = (
				4E2A84C3249B4693BB7A4B5D /* Check Pods Manifest.lock */,
				004481C018257318007AD1F4 /* Sources */,
				004481C118257318007AD1F4 /* Frameworks */,
				004481C218257318007AD1F4 /* Resources */,
				302C321354524C85967C0F3D /* Copy Pods Resources */,
				0010151D18940FBC007F94A4 /* Run Script (inc. build number) */,
			);
			buildRules = (
			);
			dependencies = (
			);
			name = Bucketify;
			productName = Bucketify;
			productReference = 004481C418257318007AD1F4 /* Bucketify.app */;
			productType = "com.apple.product-type.application";
		};
		004481E418257319007AD1F4 /* BucketifyTests */ = {
			isa = PBXNativeTarget;
			buildConfigurationList = 004481F918257319007AD1F4 /* Build configuration list for PBXNativeTarget "BucketifyTests" */;
			buildPhases = (
				004481E118257319007AD1F4 /* Sources */,
				004481E218257319007AD1F4 /* Frameworks */,
				004481E318257319007AD1F4 /* Resources */,
			);
			buildRules = (
			);
			dependencies = (
				004481EB18257319007AD1F4 /* PBXTargetDependency */,
			);
			name = BucketifyTests;
			productName = BucketifyTests;
			productReference = 004481E518257319007AD1F4 /* BucketifyTests.xctest */;
			productType = "com.apple.product-type.bundle.unit-test";
		};
/* End PBXNativeTarget section */

/* Begin PBXProject section */
		004481BC18257318007AD1F4 /* Project object */ = {
			isa = PBXProject;
			attributes = {
				LastUpgradeCheck = 0500;
				ORGANIZATIONNAME = "Christopher Loessl";
				TargetAttributes = {
					004481E418257319007AD1F4 = {
						TestTargetID = 004481C318257318007AD1F4;
					};
				};
			};
			buildConfigurationList = 004481BF18257318007AD1F4 /* Build configuration list for PBXProject "Bucketify" */;
			compatibilityVersion = "Xcode 3.2";
			developmentRegion = English;
			hasScannedForEncodings = 0;
			knownRegions = (
				en,
				Base,
			);
			mainGroup = 004481BB18257318007AD1F4;
			productRefGroup = 004481C518257318007AD1F4 /* Products */;
			projectDirPath = "";
			projectRoot = "";
			targets = (
				004481C318257318007AD1F4 /* Bucketify */,
				004481E418257319007AD1F4 /* BucketifyTests */,
			);
		};
/* End PBXProject section */

/* Begin PBXResourcesBuildPhase section */
		004481C218257318007AD1F4 /* Resources */ = {
			isa = PBXResourcesBuildPhase;
			buildActionMask = 2147483647;
			files = (
				004481E018257318007AD1F4 /* Images.xcassets in Resources */,
				004481D218257318007AD1F4 /* InfoPlist.strings in Resources */,
				004481DB18257318007AD1F4 /* Main.storyboard in Resources */,
			);
			runOnlyForDeploymentPostprocessing = 0;
		};
		004481E318257319007AD1F4 /* Resources */ = {
			isa = PBXResourcesBuildPhase;
			buildActionMask = 2147483647;
			files = (
				004481F118257319007AD1F4 /* InfoPlist.strings in Resources */,
			);
			runOnlyForDeploymentPostprocessing = 0;
		};
/* End PBXResourcesBuildPhase section */

/* Begin PBXShellScriptBuildPhase section */
		0010151D18940FBC007F94A4 /* Run Script (inc. build number) */ = {
			isa = PBXShellScriptBuildPhase;
			buildActionMask = 2147483647;
			files = (
			);
			inputPaths = (
			);
			name = "Run Script (inc. build number)";
			outputPaths = (
			);
			runOnlyForDeploymentPostprocessing = 0;
			shellPath = /bin/bash;
			shellScript = "buildNumber=$(/usr/libexec/PlistBuddy -c \"Print CFBundleVersion\" \"$INFOPLIST_FILE\")\nbuildNumber=$(echo $buildNumber | sed 's/0*//')\nbuildNumber=$(($buildNumber + 1))\nbuildNumber=$(printf \"%04d\" $buildNumber)\n/usr/libexec/PlistBuddy -c \"Set :CFBundleVersion $buildNumber\" \"$INFOPLIST_FILE\"";
		};
		302C321354524C85967C0F3D /* Copy Pods Resources */ = {
			isa = PBXShellScriptBuildPhase;
			buildActionMask = 2147483647;
			files = (
			);
			inputPaths = (
			);
			name = "Copy Pods Resources";
			outputPaths = (
			);
			runOnlyForDeploymentPostprocessing = 0;
			shellPath = /bin/sh;
			shellScript = "\"${SRCROOT}/Pods/Pods-resources.sh\"\n";
			showEnvVarsInLog = 0;
		};
		4E2A84C3249B4693BB7A4B5D /* Check Pods Manifest.lock */ = {
			isa = PBXShellScriptBuildPhase;
			buildActionMask = 2147483647;
			files = (
			);
			inputPaths = (
			);
			name = "Check Pods Manifest.lock";
			outputPaths = (
			);
			runOnlyForDeploymentPostprocessing = 0;
			shellPath = /bin/sh;
			shellScript = "diff \"${PODS_ROOT}/../Podfile.lock\" \"${PODS_ROOT}/Manifest.lock\" > /dev/null\nif [[ $? != 0 ]] ; then\n    cat << EOM\nerror: The sandbox is not in sync with the Podfile.lock. Run 'pod install' or update your CocoaPods installation.\nEOM\n    exit 1\nfi\n";
			showEnvVarsInLog = 0;
		};
/* End PBXShellScriptBuildPhase section */

/* Begin PBXSourcesBuildPhase section */
		004481C018257318007AD1F4 /* Sources */ = {
			isa = PBXSourcesBuildPhase;
			buildActionMask = 2147483647;
			files = (
				0037F9C618A067C100DAA432 /* SelectViewController.m in Sources */,
				008096611894BB64000AC16A /* config.m in Sources */,
				00E3B8161848D58B009B351B /* EchoNestTicket.m in Sources */,
				0068911018985FCC002C1915 /* NavigationViewController.m in Sources */,
				004481D818257318007AD1F4 /* AppDelegate.m in Sources */,
				00E3B812184804FC009B351B /* EchoNestWollmilchsau.m in Sources */,
				004481D418257318007AD1F4 /* main.m in Sources */,
				00503E7518439C4600890D64 /* ENAPIRequest.m in Sources */,
				00503E7418439C4600890D64 /* ENAPI.m in Sources */,
				0037F9C3189FE2BD00DAA432 /* SettingsViewController.m in Sources */,
				00503E7318439C4500890D64 /* Base64Transcoder.c in Sources */,
				0068911218985FE3002C1915 /* CountryVC.m in Sources */,
			);
			runOnlyForDeploymentPostprocessing = 0;
		};
		004481E118257319007AD1F4 /* Sources */ = {
			isa = PBXSourcesBuildPhase;
			buildActionMask = 2147483647;
			files = (
				004481F318257319007AD1F4 /* BucketifyTests.m in Sources */,
			);
			runOnlyForDeploymentPostprocessing = 0;
		};
/* End PBXSourcesBuildPhase section */

/* Begin PBXTargetDependency section */
		004481EB18257319007AD1F4 /* PBXTargetDependency */ = {
			isa = PBXTargetDependency;
			target = 004481C318257318007AD1F4 /* Bucketify */;
			targetProxy = 004481EA18257319007AD1F4 /* PBXContainerItemProxy */;
		};
/* End PBXTargetDependency section */

/* Begin PBXVariantGroup section */
		004481D018257318007AD1F4 /* InfoPlist.strings */ = {
			isa = PBXVariantGroup;
			children = (
				004481D118257318007AD1F4 /* en */,
			);
			name = InfoPlist.strings;
			sourceTree = "<group>";
		};
		004481D918257318007AD1F4 /* Main.storyboard */ = {
			isa = PBXVariantGroup;
			children = (
				004481DA18257318007AD1F4 /* Base */,
			);
			name = Main.storyboard;
			sourceTree = "<group>";
		};
		004481EF18257319007AD1F4 /* InfoPlist.strings */ = {
			isa = PBXVariantGroup;
			children = (
				004481F018257319007AD1F4 /* en */,
			);
			name = InfoPlist.strings;
			sourceTree = "<group>";
		};
/* End PBXVariantGroup section */

/* Begin XCBuildConfiguration section */
		004481F418257319007AD1F4 /* Debug */ = {
			isa = XCBuildConfiguration;
			buildSettings = {
				ALWAYS_SEARCH_USER_PATHS = NO;
				ARCHS = "$(ARCHS_STANDARD)";
				CLANG_CXX_LANGUAGE_STANDARD = "gnu++0x";
				CLANG_CXX_LIBRARY = "libc++";
				CLANG_ENABLE_MODULES = YES;
				CLANG_ENABLE_OBJC_ARC = YES;
				CLANG_WARN_BOOL_CONVERSION = YES;
				CLANG_WARN_CONSTANT_CONVERSION = YES;
				CLANG_WARN_DIRECT_OBJC_ISA_USAGE = YES_ERROR;
				CLANG_WARN_EMPTY_BODY = YES;
				CLANG_WARN_ENUM_CONVERSION = YES;
				CLANG_WARN_INT_CONVERSION = YES;
				CLANG_WARN_OBJC_ROOT_CLASS = YES_ERROR;
				CLANG_WARN__DUPLICATE_METHOD_MATCH = YES;
				"CODE_SIGN_IDENTITY[sdk=iphoneos*]" = "iPhone Developer";
				COPY_PHASE_STRIP = NO;
				GCC_C_LANGUAGE_STANDARD = gnu99;
				GCC_DYNAMIC_NO_PIC = NO;
				GCC_OPTIMIZATION_LEVEL = 0;
				GCC_PREPROCESSOR_DEFINITIONS = (
					"DEBUG=1",
					"$(inherited)",
				);
				GCC_SYMBOLS_PRIVATE_EXTERN = NO;
				GCC_WARN_64_TO_32_BIT_CONVERSION = YES;
				GCC_WARN_ABOUT_RETURN_TYPE = YES_ERROR;
				GCC_WARN_UNDECLARED_SELECTOR = YES;
				GCC_WARN_UNINITIALIZED_AUTOS = YES;
				GCC_WARN_UNUSED_FUNCTION = YES;
				GCC_WARN_UNUSED_VARIABLE = YES;
				IPHONEOS_DEPLOYMENT_TARGET = 7.0;
				ONLY_ACTIVE_ARCH = YES;
				SDKROOT = iphoneos;
				VALID_ARCHS = "armv7 armv7s";
			};
			name = Debug;
		};
		004481F518257319007AD1F4 /* Release */ = {
			isa = XCBuildConfiguration;
			buildSettings = {
				ALWAYS_SEARCH_USER_PATHS = NO;
				ARCHS = "$(ARCHS_STANDARD)";
				CLANG_CXX_LANGUAGE_STANDARD = "gnu++0x";
				CLANG_CXX_LIBRARY = "libc++";
				CLANG_ENABLE_MODULES = YES;
				CLANG_ENABLE_OBJC_ARC = YES;
				CLANG_WARN_BOOL_CONVERSION = YES;
				CLANG_WARN_CONSTANT_CONVERSION = YES;
				CLANG_WARN_DIRECT_OBJC_ISA_USAGE = YES_ERROR;
				CLANG_WARN_EMPTY_BODY = YES;
				CLANG_WARN_ENUM_CONVERSION = YES;
				CLANG_WARN_INT_CONVERSION = YES;
				CLANG_WARN_OBJC_ROOT_CLASS = YES_ERROR;
				CLANG_WARN__DUPLICATE_METHOD_MATCH = YES;
				"CODE_SIGN_IDENTITY[sdk=iphoneos*]" = "iPhone Developer";
				COPY_PHASE_STRIP = YES;
				ENABLE_NS_ASSERTIONS = NO;
				GCC_C_LANGUAGE_STANDARD = gnu99;
				GCC_WARN_64_TO_32_BIT_CONVERSION = YES;
				GCC_WARN_ABOUT_RETURN_TYPE = YES_ERROR;
				GCC_WARN_UNDECLARED_SELECTOR = YES;
				GCC_WARN_UNINITIALIZED_AUTOS = YES;
				GCC_WARN_UNUSED_FUNCTION = YES;
				GCC_WARN_UNUSED_VARIABLE = YES;
				IPHONEOS_DEPLOYMENT_TARGET = 7.0;
				SDKROOT = iphoneos;
				VALIDATE_PRODUCT = YES;
				VALID_ARCHS = "armv7 armv7s";
			};
			name = Release;
		};
		004481F718257319007AD1F4 /* Debug */ = {
			isa = XCBuildConfiguration;
			baseConfigurationReference = 9531CCEBAB3A45ED82150BE3 /* Pods.xcconfig */;
			buildSettings = {
				ASSETCATALOG_COMPILER_APPICON_NAME = AppIcon;
				ASSETCATALOG_COMPILER_LAUNCHIMAGE_NAME = LaunchImage;
				GCC_PRECOMPILE_PREFIX_HEADER = YES;
				GCC_PREFIX_HEADER = "Bucketify/Bucketify-Prefix.pch";
				INFOPLIST_FILE = "Bucketify/Bucketify-Info.plist";
				PRODUCT_NAME = "$(TARGET_NAME)";
				WRAPPER_EXTENSION = app;
			};
			name = Debug;
		};
		004481F818257319007AD1F4 /* Release */ = {
			isa = XCBuildConfiguration;
			baseConfigurationReference = 9531CCEBAB3A45ED82150BE3 /* Pods.xcconfig */;
			buildSettings = {
				ASSETCATALOG_COMPILER_APPICON_NAME = AppIcon;
				ASSETCATALOG_COMPILER_LAUNCHIMAGE_NAME = LaunchImage;
				GCC_PRECOMPILE_PREFIX_HEADER = YES;
				GCC_PREFIX_HEADER = "Bucketify/Bucketify-Prefix.pch";
				INFOPLIST_FILE = "Bucketify/Bucketify-Info.plist";
				PRODUCT_NAME = "$(TARGET_NAME)";
				WRAPPER_EXTENSION = app;
			};
			name = Release;
		};
		004481FA18257319007AD1F4 /* Debug */ = {
			isa = XCBuildConfiguration;
			buildSettings = {
				ARCHS = "$(ARCHS_STANDARD_INCLUDING_64_BIT)";
				BUNDLE_LOADER = "$(BUILT_PRODUCTS_DIR)/Bucketify.app/Bucketify";
				FRAMEWORK_SEARCH_PATHS = (
					"$(SDKROOT)/Developer/Library/Frameworks",
					"$(inherited)",
					"$(DEVELOPER_FRAMEWORKS_DIR)",
				);
				GCC_PRECOMPILE_PREFIX_HEADER = YES;
				GCC_PREFIX_HEADER = "Bucketify/Bucketify-Prefix.pch";
				GCC_PREPROCESSOR_DEFINITIONS = (
					"DEBUG=1",
					"$(inherited)",
				);
				INFOPLIST_FILE = "BucketifyTests/BucketifyTests-Info.plist";
				PRODUCT_NAME = "$(TARGET_NAME)";
				TEST_HOST = "$(BUNDLE_LOADER)";
				WRAPPER_EXTENSION = xctest;
			};
			name = Debug;
		};
		004481FB18257319007AD1F4 /* Release */ = {
			isa = XCBuildConfiguration;
			buildSettings = {
				ARCHS = "$(ARCHS_STANDARD_INCLUDING_64_BIT)";
				BUNDLE_LOADER = "$(BUILT_PRODUCTS_DIR)/Bucketify.app/Bucketify";
				FRAMEWORK_SEARCH_PATHS = (
					"$(SDKROOT)/Developer/Library/Frameworks",
					"$(inherited)",
					"$(DEVELOPER_FRAMEWORKS_DIR)",
				);
				GCC_PRECOMPILE_PREFIX_HEADER = YES;
				GCC_PREFIX_HEADER = "Bucketify/Bucketify-Prefix.pch";
				INFOPLIST_FILE = "BucketifyTests/BucketifyTests-Info.plist";
				PRODUCT_NAME = "$(TARGET_NAME)";
				TEST_HOST = "$(BUNDLE_LOADER)";
				WRAPPER_EXTENSION = xctest;
			};
			name = Release;
		};
/* End XCBuildConfiguration section */

/* Begin XCConfigurationList section */
		004481BF18257318007AD1F4 /* Build configuration list for PBXProject "Bucketify" */ = {
			isa = XCConfigurationList;
			buildConfigurations = (
				004481F418257319007AD1F4 /* Debug */,
				004481F518257319007AD1F4 /* Release */,
			);
			defaultConfigurationIsVisible = 0;
			defaultConfigurationName = Release;
		};
		004481F618257319007AD1F4 /* Build configuration list for PBXNativeTarget "Bucketify" */ = {
			isa = XCConfigurationList;
			buildConfigurations = (
				004481F718257319007AD1F4 /* Debug */,
				004481F818257319007AD1F4 /* Release */,
			);
			defaultConfigurationIsVisible = 0;
			defaultConfigurationName = Release;
		};
		004481F918257319007AD1F4 /* Build configuration list for PBXNativeTarget "BucketifyTests" */ = {
			isa = XCConfigurationList;
			buildConfigurations = (
				004481FA18257319007AD1F4 /* Debug */,
				004481FB18257319007AD1F4 /* Release */,
			);
			defaultConfigurationIsVisible = 0;
			defaultConfigurationName = Release;
		};
/* End XCConfigurationList section */
	};
	rootObject = 004481BC18257318007AD1F4 /* Project object */;
}
